
Microsoft Visual Studio Solution File, Format Version 12.00
# Visual Studio Version 17
VisualStudioVersion = 17.3.32901.215
MinimumVisualStudioVersion = 10.0.40219.1
Project("{FAE04EC0-301F-11D3-BF4B-00C04F79EFBC}") = "31 oktyabr midterm", "31 oktyabr midterm\31 oktyabr midterm.csproj", "{3CDC0D12-CEBC-4851-9A86-17F22DA3FA5B}"
EndProject
Global
	GlobalSection(SolutionConfigurationPlatforms) = preSolution
		Debug|Any CPU = Debug|Any CPU
		Release|Any CPU = Release|Any CPU
	EndGlobalSection
	GlobalSection(ProjectConfigurationPlatforms) = postSolution
		{3CDC0D12-CEBC-4851-9A86-17F22DA3FA5B}.Debug|Any CPU.ActiveCfg = Debug|Any CPU
		{3CDC0D12-CEBC-4851-9A86-17F22DA3FA5B}.Debug|Any CPU.Build.0 = Debug|Any CPU
		{3CDC0D12-CEBC-4851-9A86-17F22DA3FA5B}.Release|Any CPU.ActiveCfg = Release|Any CPU
		{3CDC0D12-CEBC-4851-9A86-17F22DA3FA5B}.Release|Any CPU.Build.0 = Release|Any CPU
	EndGlobalSection
	GlobalSection(SolutionProperties) = preSolution
		HideSolutionNode = FALSE
	EndGlobalSection
	GlobalSection(ExtensibilityGlobals) = postSolution
		SolutionGuid = {7F01A155-14DB-4514-B49B-D2226570A435}
	EndGlobalSection
EndGlobal
